
Microsoft Visual Studio Solution File, Format Version 12.00
# Visual Studio Version 17
VisualStudioVersion = 17.5.33530.505
MinimumVisualStudioVersion = 10.0.40219.1
Project("{FAE04EC0-301F-11D3-BF4B-00C04F79EFBC}") = "CumpusFranceProject", "CumpusFranceProject\CumpusFranceProject.csproj", "{30937AFC-CCEA-4D13-8888-16C7A05C1027}"
EndProject
Global
	GlobalSection(SolutionConfigurationPlatforms) = preSolution
		Debug|Any CPU = Debug|Any CPU
		Release|Any CPU = Release|Any CPU
	EndGlobalSection
	GlobalSection(ProjectConfigurationPlatforms) = postSolution
		{30937AFC-CCEA-4D13-8888-16C7A05C1027}.Debug|Any CPU.ActiveCfg = Debug|Any CPU
		{30937AFC-CCEA-4D13-8888-16C7A05C1027}.Debug|Any CPU.Build.0 = Debug|Any CPU
		{30937AFC-CCEA-4D13-8888-16C7A05C1027}.Release|Any CPU.ActiveCfg = Release|Any CPU
		{30937AFC-CCEA-4D13-8888-16C7A05C1027}.Release|Any CPU.Build.0 = Release|Any CPU
	EndGlobalSection
	GlobalSection(SolutionProperties) = preSolution
		HideSolutionNode = FALSE
	EndGlobalSection
	GlobalSection(ExtensibilityGlobals) = postSolution
		SolutionGuid = {7D183AD8-5C77-4356-9195-30DCEE0BF866}
	EndGlobalSection
EndGlobal
